// !$*UTF8*$!
{
	archiveVersion = 1;
	classes = {
	};
	objectVersion = 60;
	objects = {

/* Begin PBXBuildFile section */
		841101702BA0E5B500687C35 /* AppDelegate.swift in Sources */ = {isa = PBXBuildFile; fileRef = 8411016F2BA0E5B500687C35 /* AppDelegate.swift */; };
		841101722BA0E5B500687C35 /* SceneDelegate.swift in Sources */ = {isa = PBXBuildFile; fileRef = 841101712BA0E5B500687C35 /* SceneDelegate.swift */; };
		841101742BA0E5B500687C35 /* MainViewController.swift in Sources */ = {isa = PBXBuildFile; fileRef = 841101732BA0E5B500687C35 /* MainViewController.swift */; };
		841101772BA0E5B500687C35 /* Main.storyboard in Resources */ = {isa = PBXBuildFile; fileRef = 841101752BA0E5B500687C35 /* Main.storyboard */; };
		841101792BA0E5B700687C35 /* Assets.xcassets in Resources */ = {isa = PBXBuildFile; fileRef = 841101782BA0E5B700687C35 /* Assets.xcassets */; };
		8411017C2BA0E5B700687C35 /* LaunchScreen.storyboard in Resources */ = {isa = PBXBuildFile; fileRef = 8411017A2BA0E5B700687C35 /* LaunchScreen.storyboard */; };
		84420FA42BAA211900F695E9 /* ComponentsViewController.swift in Sources */ = {isa = PBXBuildFile; fileRef = 84420FA32BAA211900F695E9 /* ComponentsViewController.swift */; };
		84BF295F2BACDD120017CC39 /* EzKit in Frameworks */ = {isa = PBXBuildFile; productRef = 84BF295E2BACDD120017CC39 /* EzKit */; };
/* End PBXBuildFile section */

/* Begin PBXFileReference section */
		8411016C2BA0E5B500687C35 /* EzKitDemo.app */ = {isa = PBXFileReference; explicitFileType = wrapper.application; includeInIndex = 0; path = EzKitDemo.app; sourceTree = BUILT_PRODUCTS_DIR; };
		8411016F2BA0E5B500687C35 /* AppDelegate.swift */ = {isa = PBXFileReference; lastKnownFileType = sourcecode.swift; path = AppDelegate.swift; sourceTree = "<group>"; };
		841101712BA0E5B500687C35 /* SceneDelegate.swift */ = {isa = PBXFileReference; lastKnownFileType = sourcecode.swift; path = SceneDelegate.swift; sourceTree = "<group>"; };
		841101732BA0E5B500687C35 /* MainViewController.swift */ = {isa = PBXFileReference; lastKnownFileType = sourcecode.swift; path = MainViewController.swift; sourceTree = "<group>"; };
		841101762BA0E5B500687C35 /* Base */ = {isa = PBXFileReference; lastKnownFileType = file.storyboard; name = Base; path = Base.lproj/Main.storyboard; sourceTree = "<group>"; };
		841101782BA0E5B700687C35 /* Assets.xcassets */ = {isa = PBXFileReference; lastKnownFileType = folder.assetcatalog; path = Assets.xcassets; sourceTree = "<group>"; };
		8411017B2BA0E5B700687C35 /* Base */ = {isa = PBXFileReference; lastKnownFileType = file.storyboard; name = Base; path = Base.lproj/LaunchScreen.storyboard; sourceTree = "<group>"; };
		8411017D2BA0E5B700687C35 /* Info.plist */ = {isa = PBXFileReference; lastKnownFileType = text.plist.xml; path = Info.plist; sourceTree = "<group>"; };
		84420FA32BAA211900F695E9 /* ComponentsViewController.swift */ = {isa = PBXFileReference; lastKnownFileType = sourcecode.swift; path = ComponentsViewController.swift; sourceTree = "<group>"; };
/* End PBXFileReference section */

/* Begin PBXFrameworksBuildPhase section */
		841101692BA0E5B500687C35 /* Frameworks */ = {
			isa = PBXFrameworksBuildPhase;
			buildActionMask = 2147483647;
			files = (
				84BF295F2BACDD120017CC39 /* EzKit in Frameworks */,
			);
			runOnlyForDeploymentPostprocessing = 0;
		};
/* End PBXFrameworksBuildPhase section */

/* Begin PBXGroup section */
		841101632BA0E5B500687C35 = {
			isa = PBXGroup;
			children = (
				8411016E2BA0E5B500687C35 /* EzKitDemo */,
				8411016D2BA0E5B500687C35 /* Products */,
				841101862BA0E78900687C35 /* Frameworks */,
			);
			sourceTree = "<group>";
		};
		8411016D2BA0E5B500687C35 /* Products */ = {
			isa = PBXGroup;
			children = (
				8411016C2BA0E5B500687C35 /* EzKitDemo.app */,
			);
			name = Products;
			sourceTree = "<group>";
		};
		8411016E2BA0E5B500687C35 /* EzKitDemo */ = {
			isa = PBXGroup;
			children = (
				8411016F2BA0E5B500687C35 /* AppDelegate.swift */,
				841101712BA0E5B500687C35 /* SceneDelegate.swift */,
				84420FA62BAA212C00F695E9 /* Storyboards */,
				84420FA52BAA212000F695E9 /* ViewControllers */,
				841101782BA0E5B700687C35 /* Assets.xcassets */,
				8411017D2BA0E5B700687C35 /* Info.plist */,
			);
			path = EzKitDemo;
			sourceTree = "<group>";
		};
		841101862BA0E78900687C35 /* Frameworks */ = {
			isa = PBXGroup;
			children = (
			);
			name = Frameworks;
			sourceTree = "<group>";
		};
		84420FA52BAA212000F695E9 /* ViewControllers */ = {
			isa = PBXGroup;
			children = (
				841101732BA0E5B500687C35 /* MainViewController.swift */,
				84420FA32BAA211900F695E9 /* ComponentsViewController.swift */,
			);
			path = ViewControllers;
			sourceTree = "<group>";
		};
		84420FA62BAA212C00F695E9 /* Storyboards */ = {
			isa = PBXGroup;
			children = (
				841101752BA0E5B500687C35 /* Main.storyboard */,
				8411017A2BA0E5B700687C35 /* LaunchScreen.storyboard */,
			);
			path = Storyboards;
			sourceTree = "<group>";
		};
/* End PBXGroup section */

/* Begin PBXNativeTarget section */
		8411016B2BA0E5B500687C35 /* EzKitDemo */ = {
			isa = PBXNativeTarget;
			buildConfigurationList = 841101802BA0E5B700687C35 /* Build configuration list for PBXNativeTarget "EzKitDemo" */;
			buildPhases = (
				841101682BA0E5B500687C35 /* Sources */,
				841101692BA0E5B500687C35 /* Frameworks */,
				8411016A2BA0E5B500687C35 /* Resources */,
			);
			buildRules = (
			);
			dependencies = (
			);
			name = EzKitDemo;
			packageProductDependencies = (
				84BF295E2BACDD120017CC39 /* EzKit */,
			);
			productName = EzViewDemo;
			productReference = 8411016C2BA0E5B500687C35 /* EzKitDemo.app */;
			productType = "com.apple.product-type.application";
		};
/* End PBXNativeTarget section */

/* Begin PBXProject section */
		841101642BA0E5B500687C35 /* Project object */ = {
			isa = PBXProject;
			attributes = {
				BuildIndependentTargetsInParallel = 1;
				LastSwiftUpdateCheck = 1500;
				LastUpgradeCheck = 1500;
				TargetAttributes = {
					8411016B2BA0E5B500687C35 = {
						CreatedOnToolsVersion = 15.0.1;
					};
				};
			};
			buildConfigurationList = 841101672BA0E5B500687C35 /* Build configuration list for PBXProject "EzKitDemo" */;
			compatibilityVersion = "Xcode 14.0";
			developmentRegion = en;
			hasScannedForEncodings = 0;
			knownRegions = (
				en,
				Base,
			);
			mainGroup = 841101632BA0E5B500687C35;
			packageReferences = (
				84BF295D2BACDD120017CC39 /* XCLocalSwiftPackageReference ".." */,
			);
			productRefGroup = 8411016D2BA0E5B500687C35 /* Products */;
			projectDirPath = "";
			projectRoot = "";
			targets = (
				8411016B2BA0E5B500687C35 /* EzKitDemo */,
			);
		};
/* End PBXProject section */

/* Begin PBXResourcesBuildPhase section */
		8411016A2BA0E5B500687C35 /* Resources */ = {
			isa = PBXResourcesBuildPhase;
			buildActionMask = 2147483647;
			files = (
				8411017C2BA0E5B700687C35 /* LaunchScreen.storyboard in Resources */,
				841101792BA0E5B700687C35 /* Assets.xcassets in Resources */,
				841101772BA0E5B500687C35 /* Main.storyboard in Resources */,
			);
			runOnlyForDeploymentPostprocessing = 0;
		};
/* End PBXResourcesBuildPhase section */

/* Begin PBXSourcesBuildPhase section */
		841101682BA0E5B500687C35 /* Sources */ = {
			isa = PBXSourcesBuildPhase;
			buildActionMask = 2147483647;
			files = (
				841101742BA0E5B500687C35 /* MainViewController.swift in Sources */,
				841101702BA0E5B500687C35 /* AppDelegate.swift in Sources */,
				84420FA42BAA211900F695E9 /* ComponentsViewController.swift in Sources */,
				841101722BA0E5B500687C35 /* SceneDelegate.swift in Sources */,
			);
			runOnlyForDeploymentPostprocessing = 0;
		};
/* End PBXSourcesBuildPhase section */

/* Begin PBXVariantGroup section */
		841101752BA0E5B500687C35 /* Main.storyboard */ = {
			isa = PBXVariantGroup;
			children = (
				841101762BA0E5B500687C35 /* Base */,
			);
			name = Main.storyboard;
			sourceTree = "<group>";
		};
		8411017A2BA0E5B700687C35 /* LaunchScreen.storyboard */ = {
			isa = PBXVariantGroup;
			children = (
				8411017B2BA0E5B700687C35 /* Base */,
			);
			name = LaunchScreen.storyboard;
			sourceTree = "<group>";
		};
/* End PBXVariantGroup section */

/* Begin XCBuildConfiguration section */
		8411017E2BA0E5B700687C35 /* Debug */ = {
			isa = XCBuildConfiguration;
			buildSettings = {
				ALWAYS_SEARCH_USER_PATHS = NO;
				ASSETCATALOG_COMPILER_GENERATE_SWIFT_ASSET_SYMBOL_EXTENSIONS = YES;
				CLANG_ANALYZER_NONNULL = YES;
				CLANG_ANALYZER_NUMBER_OBJECT_CONVERSION = YES_AGGRESSIVE;
				CLANG_CXX_LANGUAGE_STANDARD = "gnu++20";
				CLANG_ENABLE_MODULES = YES;
				CLANG_ENABLE_OBJC_ARC = YES;
				CLANG_ENABLE_OBJC_WEAK = YES;
				CLANG_WARN_BLOCK_CAPTURE_AUTORELEASING = YES;
				CLANG_WARN_BOOL_CONVERSION = YES;
				CLANG_WARN_COMMA = YES;
				CLANG_WARN_CONSTANT_CONVERSION = YES;
				CLANG_WARN_DEPRECATED_OBJC_IMPLEMENTATIONS = YES;
				CLANG_WARN_DIRECT_OBJC_ISA_USAGE = YES_ERROR;
				CLANG_WARN_DOCUMENTATION_COMMENTS = YES;
				CLANG_WARN_EMPTY_BODY = YES;
				CLANG_WARN_ENUM_CONVERSION = YES;
				CLANG_WARN_INFINITE_RECURSION = YES;
				CLANG_WARN_INT_CONVERSION = YES;
				CLANG_WARN_NON_LITERAL_NULL_CONVERSION = YES;
				CLANG_WARN_OBJC_IMPLICIT_RETAIN_SELF = YES;
				CLANG_WARN_OBJC_LITERAL_CONVERSION = YES;
				CLANG_WARN_OBJC_ROOT_CLASS = YES_ERROR;
				CLANG_WARN_QUOTED_INCLUDE_IN_FRAMEWORK_HEADER = YES;
				CLANG_WARN_RANGE_LOOP_ANALYSIS = YES;
				CLANG_WARN_STRICT_PROTOTYPES = YES;
				CLANG_WARN_SUSPICIOUS_MOVE = YES;
				CLANG_WARN_UNGUARDED_AVAILABILITY = YES_AGGRESSIVE;
				CLANG_WARN_UNREACHABLE_CODE = YES;
				CLANG_WARN__DUPLICATE_METHOD_MATCH = YES;
				COPY_PHASE_STRIP = NO;
				DEBUG_INFORMATION_FORMAT = dwarf;
				ENABLE_STRICT_OBJC_MSGSEND = YES;
				ENABLE_TESTABILITY = YES;
				ENABLE_USER_SCRIPT_SANDBOXING = YES;
				GCC_C_LANGUAGE_STANDARD = gnu17;
				GCC_DYNAMIC_NO_PIC = NO;
				GCC_NO_COMMON_BLOCKS = YES;
				GCC_OPTIMIZATION_LEVEL = 0;
				GCC_PREPROCESSOR_DEFINITIONS = (
					"DEBUG=1",
					"$(inherited)",
				);
				GCC_WARN_64_TO_32_BIT_CONVERSION = YES;
				GCC_WARN_ABOUT_RETURN_TYPE = YES_ERROR;
				GCC_WARN_UNDECLARED_SELECTOR = YES;
				GCC_WARN_UNINITIALIZED_AUTOS = YES_AGGRESSIVE;
				GCC_WARN_UNUSED_FUNCTION = YES;
				GCC_WARN_UNUSED_VARIABLE = YES;
				IPHONEOS_DEPLOYMENT_TARGET = 15.0;
				LOCALIZATION_PREFERS_STRING_CATALOGS = YES;
				MTL_ENABLE_DEBUG_INFO = INCLUDE_SOURCE;
				MTL_FAST_MATH = YES;
				ONLY_ACTIVE_ARCH = YES;
				SDKROOT = iphoneos;
				SWIFT_ACTIVE_COMPILATION_CONDITIONS = "DEBUG $(inherited)";
				SWIFT_OPTIMIZATION_LEVEL = "-Onone";
			};
			name = Debug;
		};
		8411017F2BA0E5B700687C35 /* Release */ = {
			isa = XCBuildConfiguration;
			buildSettings = {
				ALWAYS_SEARCH_USER_PATHS = NO;
				ASSETCATALOG_COMPILER_GENERATE_SWIFT_ASSET_SYMBOL_EXTENSIONS = YES;
				CLANG_ANALYZER_NONNULL = YES;
				CLANG_ANALYZER_NUMBER_OBJECT_CONVERSION = YES_AGGRESSIVE;
				CLANG_CXX_LANGUAGE_STANDARD = "gnu++20";
				CLANG_ENABLE_MODULES = YES;
				CLANG_ENABLE_OBJC_ARC = YES;
				CLANG_ENABLE_OBJC_WEAK = YES;
				CLANG_WARN_BLOCK_CAPTURE_AUTORELEASING = YES;
				CLANG_WARN_BOOL_CONVERSION = YES;
				CLANG_WARN_COMMA = YES;
				CLANG_WARN_CONSTANT_CONVERSION = YES;
				CLANG_WARN_DEPRECATED_OBJC_IMPLEMENTATIONS = YES;
				CLANG_WARN_DIRECT_OBJC_ISA_USAGE = YES_ERROR;
				CLANG_WARN_DOCUMENTATION_COMMENTS = YES;
				CLANG_WARN_EMPTY_BODY = YES;
				CLANG_WARN_ENUM_CONVERSION = YES;
				CLANG_WARN_INFINITE_RECURSION = YES;
				CLANG_WARN_INT_CONVERSION = YES;
				CLANG_WARN_NON_LITERAL_NULL_CONVERSION = YES;
				CLANG_WARN_OBJC_IMPLICIT_RETAIN_SELF = YES;
				CLANG_WARN_OBJC_LITERAL_CONVERSION = YES;
				CLANG_WARN_OBJC_ROOT_CLASS = YES_ERROR;
				CLANG_WARN_QUOTED_INCLUDE_IN_FRAMEWORK_HEADER = YES;
				CLANG_WARN_RANGE_LOOP_ANALYSIS = YES;
				CLANG_WARN_STRICT_PROTOTYPES = YES;
				CLANG_WARN_SUSPICIOUS_MOVE = YES;
				CLANG_WARN_UNGUARDED_AVAILABILITY = YES_AGGRESSIVE;
				CLANG_WARN_UNREACHABLE_CODE = YES;
				CLANG_WARN__DUPLICATE_METHOD_MATCH = YES;
				COPY_PHASE_STRIP = NO;
				DEBUG_INFORMATION_FORMAT = "dwarf-with-dsym";
				ENABLE_NS_ASSERTIONS = NO;
				ENABLE_STRICT_OBJC_MSGSEND = YES;
				ENABLE_USER_SCRIPT_SANDBOXING = YES;
				GCC_C_LANGUAGE_STANDARD = gnu17;
				GCC_NO_COMMON_BLOCKS = YES;
				GCC_WARN_64_TO_32_BIT_CONVERSION = YES;
				GCC_WARN_ABOUT_RETURN_TYPE = YES_ERROR;
				GCC_WARN_UNDECLARED_SELECTOR = YES;
				GCC_WARN_UNINITIALIZED_AUTOS = YES_AGGRESSIVE;
				GCC_WARN_UNUSED_FUNCTION = YES;
				GCC_WARN_UNUSED_VARIABLE = YES;
				IPHONEOS_DEPLOYMENT_TARGET = 15.0;
				LOCALIZATION_PREFERS_STRING_CATALOGS = YES;
				MTL_ENABLE_DEBUG_INFO = NO;
				MTL_FAST_MATH = YES;
				SDKROOT = iphoneos;
				SWIFT_COMPILATION_MODE = wholemodule;
				VALIDATE_PRODUCT = YES;
			};
			name = Release;
		};
		841101812BA0E5B700687C35 /* Debug */ = {
			isa = XCBuildConfiguration;
			buildSettings = {
				ASSETCATALOG_COMPILER_APPICON_NAME = AppIcon;
				ASSETCATALOG_COMPILER_GLOBAL_ACCENT_COLOR_NAME = AccentColor;
				CODE_SIGN_IDENTITY = "Apple Development";
				CODE_SIGN_STYLE = Automatic;
				CURRENT_PROJECT_VERSION = 1;
				DEVELOPMENT_TEAM = 8W7699FZ8Q;
				GENERATE_INFOPLIST_FILE = YES;
				INFOPLIST_FILE = EzKitDemo/Info.plist;
				INFOPLIST_KEY_UIApplicationSupportsIndirectInputEvents = YES;
				INFOPLIST_KEY_UILaunchStoryboardName = LaunchScreen;
				INFOPLIST_KEY_UIMainStoryboardFile = Main;
				INFOPLIST_KEY_UISupportedInterfaceOrientations_iPad = "UIInterfaceOrientationPortrait UIInterfaceOrientationPortraitUpsideDown UIInterfaceOrientationLandscapeLeft UIInterfaceOrientationLandscapeRight";
				INFOPLIST_KEY_UISupportedInterfaceOrientations_iPhone = "UIInterfaceOrientationPortrait UIInterfaceOrientationLandscapeLeft UIInterfaceOrientationLandscapeRight";
				IPHONEOS_DEPLOYMENT_TARGET = 15.0;
				LD_RUNPATH_SEARCH_PATHS = (
					"$(inherited)",
					"@executable_path/Frameworks",
				);
				MARKETING_VERSION = 1.0.0;
				PRODUCT_BUNDLE_IDENTIFIER = "com.dusan-dudukovic.EzKitDemo";
				PRODUCT_NAME = "$(TARGET_NAME)";
				PROVISIONING_PROFILE_SPECIFIER = "";
				SWIFT_EMIT_LOC_STRINGS = YES;
				SWIFT_VERSION = 5.0;
				TARGETED_DEVICE_FAMILY = "1,2";
			};
			name = Debug;
		};
		841101822BA0E5B700687C35 /* Release */ = {
			isa = XCBuildConfiguration;
			buildSettings = {
				ASSETCATALOG_COMPILER_APPICON_NAME = AppIcon;
				ASSETCATALOG_COMPILER_GLOBAL_ACCENT_COLOR_NAME = AccentColor;
				CODE_SIGN_IDENTITY = "Apple Development";
				CODE_SIGN_STYLE = Automatic;
				CURRENT_PROJECT_VERSION = 1;
				DEVELOPMENT_TEAM = 8W7699FZ8Q;
				GENERATE_INFOPLIST_FILE = YES;
				INFOPLIST_FILE = EzKitDemo/Info.plist;
				INFOPLIST_KEY_UIApplicationSupportsIndirectInputEvents = YES;
				INFOPLIST_KEY_UILaunchStoryboardName = LaunchScreen;
				INFOPLIST_KEY_UIMainStoryboardFile = Main;
				INFOPLIST_KEY_UISupportedInterfaceOrientations_iPad = "UIInterfaceOrientationPortrait UIInterfaceOrientationPortraitUpsideDown UIInterfaceOrientationLandscapeLeft UIInterfaceOrientationLandscapeRight";
				INFOPLIST_KEY_UISupportedInterfaceOrientations_iPhone = "UIInterfaceOrientationPortrait UIInterfaceOrientationLandscapeLeft UIInterfaceOrientationLandscapeRight";
				IPHONEOS_DEPLOYMENT_TARGET = 15.0;
				LD_RUNPATH_SEARCH_PATHS = (
					"$(inherited)",
					"@executable_path/Frameworks",
				);
				MARKETING_VERSION = 1.0.0;
				PRODUCT_BUNDLE_IDENTIFIER = "com.dusan-dudukovic.EzKitDemo";
				PRODUCT_NAME = "$(TARGET_NAME)";
				PROVISIONING_PROFILE_SPECIFIER = "";
				SWIFT_EMIT_LOC_STRINGS = YES;
				SWIFT_VERSION = 5.0;
				TARGETED_DEVICE_FAMILY = "1,2";
			};
			name = Release;
		};
/* End XCBuildConfiguration section */

/* Begin XCConfigurationList section */
		841101672BA0E5B500687C35 /* Build configuration list for PBXProject "EzKitDemo" */ = {
			isa = XCConfigurationList;
			buildConfigurations = (
				8411017E2BA0E5B700687C35 /* Debug */,
				8411017F2BA0E5B700687C35 /* Release */,
			);
			defaultConfigurationIsVisible = 0;
			defaultConfigurationName = Release;
		};
		841101802BA0E5B700687C35 /* Build configuration list for PBXNativeTarget "EzKitDemo" */ = {
			isa = XCConfigurationList;
			buildConfigurations = (
				841101812BA0E5B700687C35 /* Debug */,
				841101822BA0E5B700687C35 /* Release */,
			);
			defaultConfigurationIsVisible = 0;
			defaultConfigurationName = Release;
		};
/* End XCConfigurationList section */

/* Begin XCLocalSwiftPackageReference section */
		84BF295D2BACDD120017CC39 /* XCLocalSwiftPackageReference ".." */ = {
			isa = XCLocalSwiftPackageReference;
			relativePath = ..;
		};
/* End XCLocalSwiftPackageReference section */

/* Begin XCSwiftPackageProductDependency section */
		84BF295E2BACDD120017CC39 /* EzKit */ = {
			isa = XCSwiftPackageProductDependency;
			productName = EzKit;
		};
/* End XCSwiftPackageProductDependency section */
	};
	rootObject = 841101642BA0E5B500687C35 /* Project object */;
}
